<?xml version="1.0" encoding="utf-8"?>
<Project ToolsVersion="4.0" xmlns="http://schemas.microsoft.com/developer/msbuild/2003">
  <ItemGroup>
    <Filter Include="Source Files">
      <UniqueIdentifier>{4FC737F1-C7A5-4376-A066-2A32D752A2FF}</UniqueIdentifier>
      <Extensions>cpp;c;cc;cxx;c++;cppm;ixx;def;odl;idl;hpj;bat;asm;asmx</Extensions>
    </Filter>
    <Filter Include="Header Files">
      <UniqueIdentifier>{93995380-89BD-4b04-88EB-625FBE52EBFB}</UniqueIdentifier>
      <Extensions>h;hh;hpp;hxx;h++;hm;inl;inc;ipp;xsd</Extensions>
    </Filter>
    <Filter Include="Resource Files">
      <UniqueIdentifier>{67DA6AB6-F800-4c08-8B7A-83BB121AAD01}</UniqueIdentifier>
      <Extensions>rc;ico;cur;bmp;dlg;rc2;rct;bin;rgs;gif;jpg;jpeg;jpe;resx;tiff;tif;png;wav;mfcribbon-ms</Extensions>
    </Filter>
  </ItemGroup>
  <ItemGroup>
    <ClCompile Include="main.cpp">
      <Filter>Source Files</Filter>
    </ClCompile>
  </ItemGroup>
  <ItemGroup>
    <ClInclude Include="Callbacks.h">
      <Filter>Header Files</Filter>
    </ClInclude>
    <ClInclude Include="Utilities.h">
      <Filter>Header Files</Filter>
    </ClInclude>
    <ClInclude Include="rendering\GL\MeshLoader.h">
      <Filter>Header Files</Filter>
    </ClInclude>
    <ClInclude Include="rendering\GL\Draw.h">
      <Filter>Header Files</Filter>
    </ClInclude>
    <ClInclude Include="rendering\GL\DrawDetails.h">
      <Filter>Header Files</Filter>
    </ClInclude>
    <ClInclude Include="Input.h">
      <Filter>Header Files</Filter>
    </ClInclude>
    <ClInclude Include="rendering\GLSL\ShaderLoader.h">
      <Filter>Header Files</Filter>
    </ClInclude>
    <ClInclude Include="rendering\GL\Vertex.h">
      <Filter>Header Files</Filter>
    </ClInclude>
    <ClInclude Include="rendering\GL\Version.h">
      <Filter>Header Files</Filter>
    </ClInclude>
    <ClInclude Include="rendering\GLSL\QueryShader.h">
      <Filter>Header Files</Filter>
    </ClInclude>
    <ClInclude Include="rendering\GLSL\GLSLShader.h">
      <Filter>Header Files</Filter>
    </ClInclude>
    <ClInclude Include="rendering\GL\TextureLoader.h">
      <Filter>Header Files</Filter>
    </ClInclude>
    <ClInclude Include="rendering\GL\Settings.h">
      <Filter>Header Files</Filter>
    </ClInclude>
    <ClInclude Include="2dGame\sidescroller.h">
      <Filter>Header Files</Filter>
    </ClInclude>
    <ClInclude Include="2dGame\aabb_collide.h">
      <Filter>Header Files</Filter>
    </ClInclude>
    <ClInclude Include="2dGame\obj.h">
      <Filter>Header Files</Filter>
    </ClInclude>
  </ItemGroup>
  <ItemGroup>
    <None Include="GLSL_src\vert_2DFlat.glsl" />
    <None Include="GLSL_src\frag_Cursor.glsl" />
    <None Include="GLSL_src\frag_Demo.glsl" />
    <None Include="GLSL_src\vert_2DProjected.glsl" />
    <None Include="GLSL_src\frag_Colored.glsl" />
  </ItemGroup>
</Project>